
Microsoft Visual Studio Solution File, Format Version 12.00
# Visual Studio Version 17
VisualStudioVersion = 17.13.35825.156 d17.13
MinimumVisualStudioVersion = 10.0.40219.1
Project("{FAE04EC0-301F-11D3-BF4B-00C04F79EFBC}") = "AirportControlTower.API", "AirportControlTower.API\AirportControlTower.API.csproj", "{4FDEDC1B-4EA8-4326-8A2C-3463270668F9}"
EndProject
Project("{FAE04EC0-301F-11D3-BF4B-00C04F79EFBC}") = "AirportControlTower.API.Tests", "AirportControlTower.API.Tests\AirportControlTower.API.Tests.csproj", "{F1C8A333-60F2-4A70-9A8C-3BC54849472E}"
EndProject
Global
	GlobalSection(SolutionConfigurationPlatforms) = preSolution
		Debug|Any CPU = Debug|Any CPU
		Release|Any CPU = Release|Any CPU
	EndGlobalSection
	GlobalSection(ProjectConfigurationPlatforms) = postSolution
		{4FDEDC1B-4EA8-4326-8A2C-3463270668F9}.Debug|Any CPU.ActiveCfg = Debug|Any CPU
		{4FDEDC1B-4EA8-4326-8A2C-3463270668F9}.Debug|Any CPU.Build.0 = Debug|Any CPU
		{4FDEDC1B-4EA8-4326-8A2C-3463270668F9}.Release|Any CPU.ActiveCfg = Release|Any CPU
		{4FDEDC1B-4EA8-4326-8A2C-3463270668F9}.Release|Any CPU.Build.0 = Release|Any CPU
		{F1C8A333-60F2-4A70-9A8C-3BC54849472E}.Debug|Any CPU.ActiveCfg = Debug|Any CPU
		{F1C8A333-60F2-4A70-9A8C-3BC54849472E}.Debug|Any CPU.Build.0 = Debug|Any CPU
		{F1C8A333-60F2-4A70-9A8C-3BC54849472E}.Release|Any CPU.ActiveCfg = Release|Any CPU
		{F1C8A333-60F2-4A70-9A8C-3BC54849472E}.Release|Any CPU.Build.0 = Release|Any CPU
	EndGlobalSection
	GlobalSection(SolutionProperties) = preSolution
		HideSolutionNode = FALSE
	EndGlobalSection
	GlobalSection(ExtensibilityGlobals) = postSolution
		SolutionGuid = {3206211F-E69C-428D-9CFC-35FBDC9378F8}
	EndGlobalSection
EndGlobal
